{
    "name": "screeps-ai",
    "version": "1.0.0",
    "lockfileVersion": 3,
    "requires": true,
    "packages": {
        "": {
            "name": "screeps-ai",
            "version": "1.0.0",
            "license": "ISC",
            "devDependencies": {
                "screeps-deploy": "^1.1.0"
            }
        },
        "node_modules/lodash": {
            "version": "4.17.21",
            "resolved": "https://registry.npmjs.org/lodash/-/lodash-4.17.21.tgz",
            "integrity": "sha512-v2kDEe57lecTulaDIuNTPy3Ry4gLGJ6Z1O3vE1krgXZNrsQ+LFTGHVxVjcXPs17LhbZVGedAJv8XZ1tvj5FvSg==",
            "dev": true,
            "license": "MIT"
        },
        "node_modules/screeps-deploy": {
            "version": "1.1.0",
            "resolved": "https://registry.npmjs.org/screeps-deploy/-/screeps-deploy-1.1.0.tgz",
            "integrity": "sha512-czMBD8HOAH4QNyMgkNWKK1AaREapBroUSWEDnKszoIRuLrLDqPVjUu4WXBVGQEB8uF4B76QR0bRIWwhZ7av1FQ==",
            "dev": true,
            "license": "ISC",
            "dependencies": {
                "lodash": "^4.17.4"
            },
            "bin": {
                "screeps-deploy": "app.js"
            },
            "engines": {
                "node": ">=8.5.0"
            }
        }
    }
}
